// !$*UTF8*$!
{
	archiveVersion = 1;
	classes = {
	};
	objectVersion = 48;
	objects = {

/* Begin PBXBuildFile section */
		6891C15CDD16DA20FD2610C0 /* Pods_SimpleRTApp.framework in Frameworks */ = {isa = PBXBuildFile; fileRef = C505CEC12346744BFF53A6C6 /* Pods_SimpleRTApp.framework */; };
		6DFBF8852041D4B2006CEB9C /* AppDelegate.swift in Sources */ = {isa = PBXBuildFile; fileRef = 6DFBF8842041D4B2006CEB9C /* AppDelegate.swift */; };
		6DFBF8872041D4B2006CEB9C /* LoginViewController.swift in Sources */ = {isa = PBXBuildFile; fileRef = 6DFBF8862041D4B2006CEB9C /* LoginViewController.swift */; };
		6DFBF88A2041D4B2006CEB9C /* Main.storyboard in Resources */ = {isa = PBXBuildFile; fileRef = 6DFBF8882041D4B2006CEB9C /* Main.storyboard */; };
		6DFBF88C2041D4B2006CEB9C /* Assets.xcassets in Resources */ = {isa = PBXBuildFile; fileRef = 6DFBF88B2041D4B2006CEB9C /* Assets.xcassets */; };
		6DFBF88F2041D4B2006CEB9C /* LaunchScreen.storyboard in Resources */ = {isa = PBXBuildFile; fileRef = 6DFBF88D2041D4B2006CEB9C /* LaunchScreen.storyboard */; };
		6DFBF8982041E3C2006CEB9C /* RetweetViewController.swift in Sources */ = {isa = PBXBuildFile; fileRef = 6DFBF8972041E3C2006CEB9C /* RetweetViewController.swift */; };
/* End PBXBuildFile section */

/* Begin PBXFileReference section */
		1C84B2C406B05212D5025C89 /* Pods-SimpleRTApp.release.xcconfig */ = {isa = PBXFileReference; includeInIndex = 1; lastKnownFileType = text.xcconfig; name = "Pods-SimpleRTApp.release.xcconfig"; path = "Pods/Target Support Files/Pods-SimpleRTApp/Pods-SimpleRTApp.release.xcconfig"; sourceTree = "<group>"; };
		6DFBF8812041D4B2006CEB9C /* SimpleRTApp.app */ = {isa = PBXFileReference; explicitFileType = wrapper.application; includeInIndex = 0; path = SimpleRTApp.app; sourceTree = BUILT_PRODUCTS_DIR; };
		6DFBF8842041D4B2006CEB9C /* AppDelegate.swift */ = {isa = PBXFileReference; lastKnownFileType = sourcecode.swift; path = AppDelegate.swift; sourceTree = "<group>"; };
		6DFBF8862041D4B2006CEB9C /* LoginViewController.swift */ = {isa = PBXFileReference; lastKnownFileType = sourcecode.swift; path = LoginViewController.swift; sourceTree = "<group>"; };
		6DFBF8892041D4B2006CEB9C /* Base */ = {isa = PBXFileReference; lastKnownFileType = file.storyboard; name = Base; path = Base.lproj/Main.storyboard; sourceTree = "<group>"; };
		6DFBF88B2041D4B2006CEB9C /* Assets.xcassets */ = {isa = PBXFileReference; lastKnownFileType = folder.assetcatalog; path = Assets.xcassets; sourceTree = "<group>"; };
		6DFBF88E2041D4B2006CEB9C /* Base */ = {isa = PBXFileReference; lastKnownFileType = file.storyboard; name = Base; path = Base.lproj/LaunchScreen.storyboard; sourceTree = "<group>"; };
		6DFBF8902041D4B2006CEB9C /* Info.plist */ = {isa = PBXFileReference; lastKnownFileType = text.plist.xml; path = Info.plist; sourceTree = "<group>"; };
		6DFBF8962041DD93006CEB9C /* SafariServices.framework */ = {isa = PBXFileReference; lastKnownFileType = wrapper.framework; name = SafariServices.framework; path = System/Library/Frameworks/SafariServices.framework; sourceTree = SDKROOT; };
		6DFBF8972041E3C2006CEB9C /* RetweetViewController.swift */ = {isa = PBXFileReference; lastKnownFileType = sourcecode.swift; path = RetweetViewController.swift; sourceTree = "<group>"; };
		810EB765718BC95F25AC5853 /* Pods-SimpleRTApp.debug.xcconfig */ = {isa = PBXFileReference; includeInIndex = 1; lastKnownFileType = text.xcconfig; name = "Pods-SimpleRTApp.debug.xcconfig"; path = "Pods/Target Support Files/Pods-SimpleRTApp/Pods-SimpleRTApp.debug.xcconfig"; sourceTree = "<group>"; };
		C505CEC12346744BFF53A6C6 /* Pods_SimpleRTApp.framework */ = {isa = PBXFileReference; explicitFileType = wrapper.framework; includeInIndex = 0; path = Pods_SimpleRTApp.framework; sourceTree = BUILT_PRODUCTS_DIR; };
/* End PBXFileReference section */

/* Begin PBXFrameworksBuildPhase section */
		6DFBF87E2041D4B2006CEB9C /* Frameworks */ = {
			isa = PBXFrameworksBuildPhase;
			buildActionMask = 2147483647;
			files = (
				6891C15CDD16DA20FD2610C0 /* Pods_SimpleRTApp.framework in Frameworks */,
			);
			runOnlyForDeploymentPostprocessing = 0;
		};
/* End PBXFrameworksBuildPhase section */

/* Begin PBXGroup section */
		4BEB75F8C251A37C92AC2972 /* Frameworks */ = {
			isa = PBXGroup;
			children = (
				6DFBF8962041DD93006CEB9C /* SafariServices.framework */,
				C505CEC12346744BFF53A6C6 /* Pods_SimpleRTApp.framework */,
			);
			name = Frameworks;
			sourceTree = "<group>";
		};
		67676C5C16620AB1D22AFE17 /* Pods */ = {
			isa = PBXGroup;
			children = (
				810EB765718BC95F25AC5853 /* Pods-SimpleRTApp.debug.xcconfig */,
				1C84B2C406B05212D5025C89 /* Pods-SimpleRTApp.release.xcconfig */,
			);
			name = Pods;
			sourceTree = "<group>";
		};
		6DFBF8782041D4B2006CEB9C = {
			isa = PBXGroup;
			children = (
				6DFBF8832041D4B2006CEB9C /* SimpleRTApp */,
				6DFBF8822041D4B2006CEB9C /* Products */,
				67676C5C16620AB1D22AFE17 /* Pods */,
				4BEB75F8C251A37C92AC2972 /* Frameworks */,
			);
			sourceTree = "<group>";
		};
		6DFBF8822041D4B2006CEB9C /* Products */ = {
			isa = PBXGroup;
			children = (
				6DFBF8812041D4B2006CEB9C /* SimpleRTApp.app */,
			);
			name = Products;
			sourceTree = "<group>";
		};
		6DFBF8832041D4B2006CEB9C /* SimpleRTApp */ = {
			isa = PBXGroup;
			children = (
				6DFBF8842041D4B2006CEB9C /* AppDelegate.swift */,
				6DFBF8862041D4B2006CEB9C /* LoginViewController.swift */,
				6DFBF8972041E3C2006CEB9C /* RetweetViewController.swift */,
				6DFBF8882041D4B2006CEB9C /* Main.storyboard */,
				6DFBF88B2041D4B2006CEB9C /* Assets.xcassets */,
				6DFBF88D2041D4B2006CEB9C /* LaunchScreen.storyboard */,
				6DFBF8902041D4B2006CEB9C /* Info.plist */,
			);
			path = SimpleRTApp;
			sourceTree = "<group>";
		};
/* End PBXGroup section */

/* Begin PBXNativeTarget section */
		6DFBF8802041D4B2006CEB9C /* SimpleRTApp */ = {
			isa = PBXNativeTarget;
			buildConfigurationList = 6DFBF8932041D4B2006CEB9C /* Build configuration list for PBXNativeTarget "SimpleRTApp" */;
			buildPhases = (
				27856A5F5538D73B993DAFD3 /* [CP] Check Pods Manifest.lock */,
				6DFBF87D2041D4B2006CEB9C /* Sources */,
				6DFBF87E2041D4B2006CEB9C /* Frameworks */,
				6DFBF87F2041D4B2006CEB9C /* Resources */,
				D2F5ACA1A003C752FC2ACF9F /* [CP] Embed Pods Frameworks */,
				A964CA157520DF0F0343680A /* [CP] Copy Pods Resources */,
			);
			buildRules = (
			);
			dependencies = (
			);
			name = SimpleRTApp;
			productName = SimpleRTApp;
			productReference = 6DFBF8812041D4B2006CEB9C /* SimpleRTApp.app */;
			productType = "com.apple.product-type.application";
		};
/* End PBXNativeTarget section */

/* Begin PBXProject section */
		6DFBF8792041D4B2006CEB9C /* Project object */ = {
			isa = PBXProject;
			attributes = {
				LastSwiftUpdateCheck = 0910;
				LastUpgradeCheck = 0910;
				ORGANIZATIONNAME = "Federico Jordán";
				TargetAttributes = {
					6DFBF8802041D4B2006CEB9C = {
						CreatedOnToolsVersion = 9.1;
						ProvisioningStyle = Automatic;
					};
				};
			};
			buildConfigurationList = 6DFBF87C2041D4B2006CEB9C /* Build configuration list for PBXProject "SimpleRTApp" */;
			compatibilityVersion = "Xcode 8.0";
			developmentRegion = en;
			hasScannedForEncodings = 0;
			knownRegions = (
				en,
				Base,
			);
			mainGroup = 6DFBF8782041D4B2006CEB9C;
			productRefGroup = 6DFBF8822041D4B2006CEB9C /* Products */;
			projectDirPath = "";
			projectRoot = "";
			targets = (
				6DFBF8802041D4B2006CEB9C /* SimpleRTApp */,
			);
		};
/* End PBXProject section */

/* Begin PBXResourcesBuildPhase section */
		6DFBF87F2041D4B2006CEB9C /* Resources */ = {
			isa = PBXResourcesBuildPhase;
			buildActionMask = 2147483647;
			files = (
				6DFBF88F2041D4B2006CEB9C /* LaunchScreen.storyboard in Resources */,
				6DFBF88C2041D4B2006CEB9C /* Assets.xcassets in Resources */,
				6DFBF88A2041D4B2006CEB9C /* Main.storyboard in Resources */,
			);
			runOnlyForDeploymentPostprocessing = 0;
		};
/* End PBXResourcesBuildPhase section */

/* Begin PBXShellScriptBuildPhase section */
		27856A5F5538D73B993DAFD3 /* [CP] Check Pods Manifest.lock */ = {
			isa = PBXShellScriptBuildPhase;
			buildActionMask = 2147483647;
			files = (
			);
			inputPaths = (
				"${PODS_PODFILE_DIR_PATH}/Podfile.lock",
				"${PODS_ROOT}/Manifest.lock",
			);
			name = "[CP] Check Pods Manifest.lock";
			outputPaths = (
				"$(DERIVED_FILE_DIR)/Pods-SimpleRTApp-checkManifestLockResult.txt",
			);
			runOnlyForDeploymentPostprocessing = 0;
			shellPath = /bin/sh;
			shellScript = "diff \"${PODS_PODFILE_DIR_PATH}/Podfile.lock\" \"${PODS_ROOT}/Manifest.lock\" > /dev/null\nif [ $? != 0 ] ; then\n    # print error to STDERR\n    echo \"error: The sandbox is not in sync with the Podfile.lock. Run 'pod install' or update your CocoaPods installation.\" >&2\n    exit 1\nfi\n# This output is used by Xcode 'outputs' to avoid re-running this script phase.\necho \"SUCCESS\" > \"${SCRIPT_OUTPUT_FILE_0}\"\n";
			showEnvVarsInLog = 0;
		};
		A964CA157520DF0F0343680A /* [CP] Copy Pods Resources */ = {
			isa = PBXShellScriptBuildPhase;
			buildActionMask = 2147483647;
			files = (
			);
			inputPaths = (
				"${SRCROOT}/Pods/Target Support Files/Pods-SimpleRTApp/Pods-SimpleRTApp-resources.sh",
				"${PODS_ROOT}/TwitterKit/iOS/TwitterKit.framework/TwitterKitResources.bundle",
				"${PODS_ROOT}/TwitterKit/iOS/TwitterKit.framework/TwitterShareExtensionUIResources.bundle",
			);
			name = "[CP] Copy Pods Resources";
			outputPaths = (
				"${TARGET_BUILD_DIR}/${UNLOCALIZED_RESOURCES_FOLDER_PATH}",
			);
			runOnlyForDeploymentPostprocessing = 0;
			shellPath = /bin/sh;
			shellScript = "\"${SRCROOT}/Pods/Target Support Files/Pods-SimpleRTApp/Pods-SimpleRTApp-resources.sh\"\n";
			showEnvVarsInLog = 0;
		};
		D2F5ACA1A003C752FC2ACF9F /* [CP] Embed Pods Frameworks */ = {
			isa = PBXShellScriptBuildPhase;
			buildActionMask = 2147483647;
			files = (
			);
			inputPaths = (
				"${SRCROOT}/Pods/Target Support Files/Pods-SimpleRTApp/Pods-SimpleRTApp-frameworks.sh",
				"${PODS_ROOT}/TwitterCore/iOS/TwitterCore.framework",
				"${PODS_ROOT}/TwitterKit/iOS/TwitterKit.framework",
			);
			name = "[CP] Embed Pods Frameworks";
			outputPaths = (
				"${TARGET_BUILD_DIR}/${FRAMEWORKS_FOLDER_PATH}/TwitterCore.framework",
				"${TARGET_BUILD_DIR}/${FRAMEWORKS_FOLDER_PATH}/TwitterKit.framework",
			);
			runOnlyForDeploymentPostprocessing = 0;
			shellPath = /bin/sh;
			shellScript = "\"${SRCROOT}/Pods/Target Support Files/Pods-SimpleRTApp/Pods-SimpleRTApp-frameworks.sh\"\n";
			showEnvVarsInLog = 0;
		};
/* End PBXShellScriptBuildPhase section */

/* Begin PBXSourcesBuildPhase section */
		6DFBF87D2041D4B2006CEB9C /* Sources */ = {
			isa = PBXSourcesBuildPhase;
			buildActionMask = 2147483647;
			files = (
				6DFBF8982041E3C2006CEB9C /* RetweetViewController.swift in Sources */,
				6DFBF8872041D4B2006CEB9C /* LoginViewController.swift in Sources */,
				6DFBF8852041D4B2006CEB9C /* AppDelegate.swift in Sources */,
			);
			runOnlyForDeploymentPostprocessing = 0;
		};
/* End PBXSourcesBuildPhase section */

/* Begin PBXVariantGroup section */
		6DFBF8882041D4B2006CEB9C /* Main.storyboard */ = {
			isa = PBXVariantGroup;
			children = (
				6DFBF8892041D4B2006CEB9C /* Base */,
			);
			name = Main.storyboard;
			sourceTree = "<group>";
		};
		6DFBF88D2041D4B2006CEB9C /* LaunchScreen.storyboard */ = {
			isa = PBXVariantGroup;
			children = (
				6DFBF88E2041D4B2006CEB9C /* Base */,
			);
			name = LaunchScreen.storyboard;
			sourceTree = "<group>";
		};
/* End PBXVariantGroup section */

/* Begin XCBuildConfiguration section */
		6DFBF8912041D4B2006CEB9C /* Debug */ = {
			isa = XCBuildConfiguration;
			buildSettings = {
				ALWAYS_SEARCH_USER_PATHS = NO;
				CLANG_ANALYZER_NONNULL = YES;
				CLANG_ANALYZER_NUMBER_OBJECT_CONVERSION = YES_AGGRESSIVE;
				CLANG_CXX_LANGUAGE_STANDARD = "gnu++14";
				CLANG_CXX_LIBRARY = "libc++";
				CLANG_ENABLE_MODULES = YES;
				CLANG_ENABLE_OBJC_ARC = YES;
				CLANG_WARN_BLOCK_CAPTURE_AUTORELEASING = YES;
				CLANG_WARN_BOOL_CONVERSION = YES;
				CLANG_WARN_COMMA = YES;
				CLANG_WARN_CONSTANT_CONVERSION = YES;
				CLANG_WARN_DIRECT_OBJC_ISA_USAGE = YES_ERROR;
				CLANG_WARN_DOCUMENTATION_COMMENTS = YES;
				CLANG_WARN_EMPTY_BODY = YES;
				CLANG_WARN_ENUM_CONVERSION = YES;
				CLANG_WARN_INFINITE_RECURSION = YES;
				CLANG_WARN_INT_CONVERSION = YES;
				CLANG_WARN_NON_LITERAL_NULL_CONVERSION = YES;
				CLANG_WARN_OBJC_LITERAL_CONVERSION = YES;
				CLANG_WARN_OBJC_ROOT_CLASS = YES_ERROR;
				CLANG_WARN_RANGE_LOOP_ANALYSIS = YES;
				CLANG_WARN_STRICT_PROTOTYPES = YES;
				CLANG_WARN_SUSPICIOUS_MOVE = YES;
				CLANG_WARN_UNGUARDED_AVAILABILITY = YES_AGGRESSIVE;
				CLANG_WARN_UNREACHABLE_CODE = YES;
				CLANG_WARN__DUPLICATE_METHOD_MATCH = YES;
				CODE_SIGN_IDENTITY = "iPhone Developer";
				COPY_PHASE_STRIP = NO;
				DEBUG_INFORMATION_FORMAT = dwarf;
				ENABLE_STRICT_OBJC_MSGSEND = YES;
				ENABLE_TESTABILITY = YES;
				GCC_C_LANGUAGE_STANDARD = gnu11;
				GCC_DYNAMIC_NO_PIC = NO;
				GCC_NO_COMMON_BLOCKS = YES;
				GCC_OPTIMIZATION_LEVEL = 0;
				GCC_PREPROCESSOR_DEFINITIONS = (
					"DEBUG=1",
					"$(inherited)",
				);
				GCC_WARN_64_TO_32_BIT_CONVERSION = YES;
				GCC_WARN_ABOUT_RETURN_TYPE = YES_ERROR;
				GCC_WARN_UNDECLARED_SELECTOR = YES;
				GCC_WARN_UNINITIALIZED_AUTOS = YES_AGGRESSIVE;
				GCC_WARN_UNUSED_FUNCTION = YES;
				GCC_WARN_UNUSED_VARIABLE = YES;
				IPHONEOS_DEPLOYMENT_TARGET = 11.1;
				MTL_ENABLE_DEBUG_INFO = YES;
				ONLY_ACTIVE_ARCH = YES;
				SDKROOT = iphoneos;
				SWIFT_ACTIVE_COMPILATION_CONDITIONS = DEBUG;
				SWIFT_OPTIMIZATION_LEVEL = "-Onone";
			};
			name = Debug;
		};
		6DFBF8922041D4B2006CEB9C /* Release */ = {
			isa = XCBuildConfiguration;
			buildSettings = {
				ALWAYS_SEARCH_USER_PATHS = NO;
				CLANG_ANALYZER_NONNULL = YES;
				CLANG_ANALYZER_NUMBER_OBJECT_CONVERSION = YES_AGGRESSIVE;
				CLANG_CXX_LANGUAGE_STANDARD = "gnu++14";
				CLANG_CXX_LIBRARY = "libc++";
				CLANG_ENABLE_MODULES = YES;
				CLANG_ENABLE_OBJC_ARC = YES;
				CLANG_WARN_BLOCK_CAPTURE_AUTORELEASING = YES;
				CLANG_WARN_BOOL_CONVERSION = YES;
				CLANG_WARN_COMMA = YES;
				CLANG_WARN_CONSTANT_CONVERSION = YES;
				CLANG_WARN_DIRECT_OBJC_ISA_USAGE = YES_ERROR;
				CLANG_WARN_DOCUMENTATION_COMMENTS = YES;
				CLANG_WARN_EMPTY_BODY = YES;
				CLANG_WARN_ENUM_CONVERSION = YES;
				CLANG_WARN_INFINITE_RECURSION = YES;
				CLANG_WARN_INT_CONVERSION = YES;
				CLANG_WARN_NON_LITERAL_NULL_CONVERSION = YES;
				CLANG_WARN_OBJC_LITERAL_CONVERSION = YES;
				CLANG_WARN_OBJC_ROOT_CLASS = YES_ERROR;
				CLANG_WARN_RANGE_LOOP_ANALYSIS = YES;
				CLANG_WARN_STRICT_PROTOTYPES = YES;
				CLANG_WARN_SUSPICIOUS_MOVE = YES;
				CLANG_WARN_UNGUARDED_AVAILABILITY = YES_AGGRESSIVE;
				CLANG_WARN_UNREACHABLE_CODE = YES;
				CLANG_WARN__DUPLICATE_METHOD_MATCH = YES;
				CODE_SIGN_IDENTITY = "iPhone Developer";
				COPY_PHASE_STRIP = NO;
				DEBUG_INFORMATION_FORMAT = "dwarf-with-dsym";
				ENABLE_NS_ASSERTIONS = NO;
				ENABLE_STRICT_OBJC_MSGSEND = YES;
				GCC_C_LANGUAGE_STANDARD = gnu11;
				GCC_NO_COMMON_BLOCKS = YES;
				GCC_WARN_64_TO_32_BIT_CONVERSION = YES;
				GCC_WARN_ABOUT_RETURN_TYPE = YES_ERROR;
				GCC_WARN_UNDECLARED_SELECTOR = YES;
				GCC_WARN_UNINITIALIZED_AUTOS = YES_AGGRESSIVE;
				GCC_WARN_UNUSED_FUNCTION = YES;
				GCC_WARN_UNUSED_VARIABLE = YES;
				IPHONEOS_DEPLOYMENT_TARGET = 11.1;
				MTL_ENABLE_DEBUG_INFO = NO;
				SDKROOT = iphoneos;
				SWIFT_OPTIMIZATION_LEVEL = "-Owholemodule";
				VALIDATE_PRODUCT = YES;
			};
			name = Release;
		};
		6DFBF8942041D4B2006CEB9C /* Debug */ = {
			isa = XCBuildConfiguration;
			baseConfigurationReference = 810EB765718BC95F25AC5853 /* Pods-SimpleRTApp.debug.xcconfig */;
			buildSettings = {
				ASSETCATALOG_COMPILER_APPICON_NAME = AppIcon;
				CODE_SIGN_STYLE = Automatic;
				DEVELOPMENT_TEAM = H5523VLT8V;
				INFOPLIST_FILE = SimpleRTApp/Info.plist;
				LD_RUNPATH_SEARCH_PATHS = "$(inherited) @executable_path/Frameworks";
				PRODUCT_BUNDLE_IDENTIFIER = com.federicojordan.SimpleRTApp;
				PRODUCT_NAME = "$(TARGET_NAME)";
				SWIFT_VERSION = 4.0;
				TARGETED_DEVICE_FAMILY = "1,2";
			};
			name = Debug;
		};
		6DFBF8952041D4B2006CEB9C /* Release */ = {
			isa = XCBuildConfiguration;
			baseConfigurationReference = 1C84B2C406B05212D5025C89 /* Pods-SimpleRTApp.release.xcconfig */;
			buildSettings = {
				ASSETCATALOG_COMPILER_APPICON_NAME = AppIcon;
				CODE_SIGN_STYLE = Automatic;
				DEVELOPMENT_TEAM = H5523VLT8V;
				INFOPLIST_FILE = SimpleRTApp/Info.plist;
				LD_RUNPATH_SEARCH_PATHS = "$(inherited) @executable_path/Frameworks";
				PRODUCT_BUNDLE_IDENTIFIER = com.federicojordan.SimpleRTApp;
				PRODUCT_NAME = "$(TARGET_NAME)";
				SWIFT_VERSION = 4.0;
				TARGETED_DEVICE_FAMILY = "1,2";
			};
			name = Release;
		};
/* End XCBuildConfiguration section */

/* Begin XCConfigurationList section */
		6DFBF87C2041D4B2006CEB9C /* Build configuration list for PBXProject "SimpleRTApp" */ = {
			isa = XCConfigurationList;
			buildConfigurations = (
				6DFBF8912041D4B2006CEB9C /* Debug */,
				6DFBF8922041D4B2006CEB9C /* Release */,
			);
			defaultConfigurationIsVisible = 0;
			defaultConfigurationName = Release;
		};
		6DFBF8932041D4B2006CEB9C /* Build configuration list for PBXNativeTarget "SimpleRTApp" */ = {
			isa = XCConfigurationList;
			buildConfigurations = (
				6DFBF8942041D4B2006CEB9C /* Debug */,
				6DFBF8952041D4B2006CEB9C /* Release */,
			);
			defaultConfigurationIsVisible = 0;
			defaultConfigurationName = Release;
		};
/* End XCConfigurationList section */
	};
	rootObject = 6DFBF8792041D4B2006CEB9C /* Project object */;
}
